
Microsoft Visual Studio Solution File, Format Version 12.00
# Visual Studio Version 17
VisualStudioVersion = 17.6.33723.286
MinimumVisualStudioVersion = 10.0.40219.1
Project("{FAE04EC0-301F-11D3-BF4B-00C04F79EFBC}") = "SortingPractice", "SortingPractice\SortingPractice.csproj", "{DBC4B768-8392-423E-AD1D-0B5B9D9AE8E2}"
EndProject
Global
	GlobalSection(SolutionConfigurationPlatforms) = preSolution
		Debug|Any CPU = Debug|Any CPU
		Release|Any CPU = Release|Any CPU
	EndGlobalSection
	GlobalSection(ProjectConfigurationPlatforms) = postSolution
		{DBC4B768-8392-423E-AD1D-0B5B9D9AE8E2}.Debug|Any CPU.ActiveCfg = Debug|Any CPU
		{DBC4B768-8392-423E-AD1D-0B5B9D9AE8E2}.Debug|Any CPU.Build.0 = Debug|Any CPU
		{DBC4B768-8392-423E-AD1D-0B5B9D9AE8E2}.Release|Any CPU.ActiveCfg = Release|Any CPU
		{DBC4B768-8392-423E-AD1D-0B5B9D9AE8E2}.Release|Any CPU.Build.0 = Release|Any CPU
	EndGlobalSection
	GlobalSection(SolutionProperties) = preSolution
		HideSolutionNode = FALSE
	EndGlobalSection
	GlobalSection(ExtensibilityGlobals) = postSolution
		SolutionGuid = {1D4D5366-BFCF-4F85-8A56-4EAEB4AD51A1}
	EndGlobalSection
EndGlobal
